
Microsoft Visual Studio Solution File, Format Version 12.00
# Visual Studio 15
VisualStudioVersion = 15.0.27703.2035
MinimumVisualStudioVersion = 10.0.40219.1
Project("{9A19103F-16F7-4668-BE54-9A1E7A4F7556}") = "WebPrefer.Tests", "WebPrefer.Tests.csproj", "{B100B922-7EC5-4E56-8FD1-CA39C4D1C788}"
EndProject
Global
	GlobalSection(SolutionConfigurationPlatforms) = preSolution
		Debug|Any CPU = Debug|Any CPU
		Release|Any CPU = Release|Any CPU
	EndGlobalSection
	GlobalSection(ProjectConfigurationPlatforms) = postSolution
		{B100B922-7EC5-4E56-8FD1-CA39C4D1C788}.Debug|Any CPU.ActiveCfg = Debug|Any CPU
		{B100B922-7EC5-4E56-8FD1-CA39C4D1C788}.Debug|Any CPU.Build.0 = Debug|Any CPU
		{B100B922-7EC5-4E56-8FD1-CA39C4D1C788}.Release|Any CPU.ActiveCfg = Release|Any CPU
		{B100B922-7EC5-4E56-8FD1-CA39C4D1C788}.Release|Any CPU.Build.0 = Release|Any CPU
	EndGlobalSection
	GlobalSection(SolutionProperties) = preSolution
		HideSolutionNode = FALSE
	EndGlobalSection
	GlobalSection(ExtensibilityGlobals) = postSolution
		SolutionGuid = {EBCB8AD4-40BF-4D04-8DA5-1855579F75AE}
	EndGlobalSection
EndGlobal
